
Microsoft Visual Studio Solution File, Format Version 12.00
# Visual Studio Version 16
VisualStudioVersion = 16.0.30128.74
MinimumVisualStudioVersion = 10.0.40219.1
Project("{9A19103F-16F7-4668-BE54-9A1E7A4F7556}") = "P01_StudentSystem", "P01_StudentSystem\P01_StudentSystem.csproj", "{2756524B-CBA8-4559-8F31-12543B3580C7}"
EndProject
Project("{9A19103F-16F7-4668-BE54-9A1E7A4F7556}") = "P01_StudentSystem.Data", "P01_StudentSystem.Data\P01_StudentSystem.Data.csproj", "{DE59EF8E-ADE0-43AE-8F98-D16FE74999AF}"
EndProject
Project("{9A19103F-16F7-4668-BE54-9A1E7A4F7556}") = "P01_StudentSystem.Data.Models", "P01_StudentSystem.Data.Models\P01_StudentSystem.Data.Models.csproj", "{20AF9F8F-71AC-4755-A009-7D8082D5EA66}"
EndProject
Project("{FAE04EC0-301F-11D3-BF4B-00C04F79EFBC}") = "P03_FootballBetting", "P03_FootballBetting\P03_FootballBetting.csproj", "{1AA55AE4-D632-480F-AAD7-3BEDDB914023}"
EndProject
Project("{FAE04EC0-301F-11D3-BF4B-00C04F79EFBC}") = "P03_FootballBetting.Data", "P03_FootballBetting.Data\P03_FootballBetting.Data.csproj", "{05F9A81D-9DEC-4C22-8C5B-D0BB3AD94122}"
EndProject
Project("{FAE04EC0-301F-11D3-BF4B-00C04F79EFBC}") = "P03_FootballBetting.Data.Models", "P03_FootballBetting.Data.Models\P03_FootballBetting.Data.Models.csproj", "{BFF999F9-C571-4025-B578-4CF9B25C9F1B}"
EndProject
Global
	GlobalSection(SolutionConfigurationPlatforms) = preSolution
		Debug|Any CPU = Debug|Any CPU
		Release|Any CPU = Release|Any CPU
	EndGlobalSection
	GlobalSection(ProjectConfigurationPlatforms) = postSolution
		{2756524B-CBA8-4559-8F31-12543B3580C7}.Debug|Any CPU.ActiveCfg = Debug|Any CPU
		{2756524B-CBA8-4559-8F31-12543B3580C7}.Debug|Any CPU.Build.0 = Debug|Any CPU
		{2756524B-CBA8-4559-8F31-12543B3580C7}.Release|Any CPU.ActiveCfg = Release|Any CPU
		{2756524B-CBA8-4559-8F31-12543B3580C7}.Release|Any CPU.Build.0 = Release|Any CPU
		{DE59EF8E-ADE0-43AE-8F98-D16FE74999AF}.Debug|Any CPU.ActiveCfg = Debug|Any CPU
		{DE59EF8E-ADE0-43AE-8F98-D16FE74999AF}.Debug|Any CPU.Build.0 = Debug|Any CPU
		{DE59EF8E-ADE0-43AE-8F98-D16FE74999AF}.Release|Any CPU.ActiveCfg = Release|Any CPU
		{DE59EF8E-ADE0-43AE-8F98-D16FE74999AF}.Release|Any CPU.Build.0 = Release|Any CPU
		{20AF9F8F-71AC-4755-A009-7D8082D5EA66}.Debug|Any CPU.ActiveCfg = Debug|Any CPU
		{20AF9F8F-71AC-4755-A009-7D8082D5EA66}.Debug|Any CPU.Build.0 = Debug|Any CPU
		{20AF9F8F-71AC-4755-A009-7D8082D5EA66}.Release|Any CPU.ActiveCfg = Release|Any CPU
		{20AF9F8F-71AC-4755-A009-7D8082D5EA66}.Release|Any CPU.Build.0 = Release|Any CPU
		{1AA55AE4-D632-480F-AAD7-3BEDDB914023}.Debug|Any CPU.ActiveCfg = Debug|Any CPU
		{1AA55AE4-D632-480F-AAD7-3BEDDB914023}.Debug|Any CPU.Build.0 = Debug|Any CPU
		{1AA55AE4-D632-480F-AAD7-3BEDDB914023}.Release|Any CPU.ActiveCfg = Release|Any CPU
		{1AA55AE4-D632-480F-AAD7-3BEDDB914023}.Release|Any CPU.Build.0 = Release|Any CPU
		{05F9A81D-9DEC-4C22-8C5B-D0BB3AD94122}.Debug|Any CPU.ActiveCfg = Debug|Any CPU
		{05F9A81D-9DEC-4C22-8C5B-D0BB3AD94122}.Debug|Any CPU.Build.0 = Debug|Any CPU
		{05F9A81D-9DEC-4C22-8C5B-D0BB3AD94122}.Release|Any CPU.ActiveCfg = Release|Any CPU
		{05F9A81D-9DEC-4C22-8C5B-D0BB3AD94122}.Release|Any CPU.Build.0 = Release|Any CPU
		{BFF999F9-C571-4025-B578-4CF9B25C9F1B}.Debug|Any CPU.ActiveCfg = Debug|Any CPU
		{BFF999F9-C571-4025-B578-4CF9B25C9F1B}.Debug|Any CPU.Build.0 = Debug|Any CPU
		{BFF999F9-C571-4025-B578-4CF9B25C9F1B}.Release|Any CPU.ActiveCfg = Release|Any CPU
		{BFF999F9-C571-4025-B578-4CF9B25C9F1B}.Release|Any CPU.Build.0 = Release|Any CPU
	EndGlobalSection
	GlobalSection(SolutionProperties) = preSolution
		HideSolutionNode = FALSE
	EndGlobalSection
	GlobalSection(ExtensibilityGlobals) = postSolution
		SolutionGuid = {FEC05683-C5A1-4DC0-9FD5-51DDFC4B7A1E}
	EndGlobalSection
EndGlobal
